
Microsoft Visual Studio Solution File, Format Version 12.00
# Visual Studio Version 16
VisualStudioVersion = 16.0.32901.82
MinimumVisualStudioVersion = 10.0.40219.1
Project("{FAE04EC0-301F-11D3-BF4B-00C04F79EFBC}") = "Load_Data_Gridview", "Load_Data_Gridview\Load_Data_Gridview.csproj", "{1C81C5BC-825D-498E-B2A6-7EAF3053E5C5}"
EndProject
Global
	GlobalSection(SolutionConfigurationPlatforms) = preSolution
		Debug|Any CPU = Debug|Any CPU
		Release|Any CPU = Release|Any CPU
	EndGlobalSection
	GlobalSection(ProjectConfigurationPlatforms) = postSolution
		{1C81C5BC-825D-498E-B2A6-7EAF3053E5C5}.Debug|Any CPU.ActiveCfg = Debug|Any CPU
		{1C81C5BC-825D-498E-B2A6-7EAF3053E5C5}.Debug|Any CPU.Build.0 = Debug|Any CPU
		{1C81C5BC-825D-498E-B2A6-7EAF3053E5C5}.Release|Any CPU.ActiveCfg = Release|Any CPU
		{1C81C5BC-825D-498E-B2A6-7EAF3053E5C5}.Release|Any CPU.Build.0 = Release|Any CPU
	EndGlobalSection
	GlobalSection(SolutionProperties) = preSolution
		HideSolutionNode = FALSE
	EndGlobalSection
	GlobalSection(ExtensibilityGlobals) = postSolution
		SolutionGuid = {B7042B6C-D4E2-44E8-9EF8-C24E4260C794}
	EndGlobalSection
EndGlobal
